
Microsoft Visual Studio Solution File, Format Version 12.00
# Visual Studio Version 17
VisualStudioVersion = 17.7.34221.43
MinimumVisualStudioVersion = 10.0.40219.1
Project("{FAE04EC0-301F-11D3-BF4B-00C04F79EFBC}") = "WanderEase", "WanderEase.csproj", "{12DB464D-B19F-4FD1-87F0-CDF6B531195E}"
EndProject
Global
	GlobalSection(SolutionConfigurationPlatforms) = preSolution
		Debug|Any CPU = Debug|Any CPU
		Release|Any CPU = Release|Any CPU
	EndGlobalSection
	GlobalSection(ProjectConfigurationPlatforms) = postSolution
		{12DB464D-B19F-4FD1-87F0-CDF6B531195E}.Debug|Any CPU.ActiveCfg = Debug|Any CPU
		{12DB464D-B19F-4FD1-87F0-CDF6B531195E}.Debug|Any CPU.Build.0 = Debug|Any CPU
		{12DB464D-B19F-4FD1-87F0-CDF6B531195E}.Release|Any CPU.ActiveCfg = Release|Any CPU
		{12DB464D-B19F-4FD1-87F0-CDF6B531195E}.Release|Any CPU.Build.0 = Release|Any CPU
	EndGlobalSection
	GlobalSection(SolutionProperties) = preSolution
		HideSolutionNode = FALSE
	EndGlobalSection
	GlobalSection(ExtensibilityGlobals) = postSolution
		SolutionGuid = {68CC41D6-F79A-4CAD-B14D-F548DA0B1ABF}
	EndGlobalSection
EndGlobal
